
Microsoft Visual Studio Solution File, Format Version 12.00
# Visual Studio 2013
VisualStudioVersion = 12.0.21005.1
MinimumVisualStudioVersion = 10.0.40219.1
Project("{8BC9CEB8-8B4A-11D0-8D11-00A0C91BC942}") = "Exercise_03", "Exercise_03\Exercise_03.vcxproj", "{A015BF72-93D8-4022-9DAC-05D1840797AC}"
EndProject
Global
	GlobalSection(SolutionConfigurationPlatforms) = preSolution
		Debug|Win32 = Debug|Win32
		Release|Win32 = Release|Win32
	EndGlobalSection
	GlobalSection(ProjectConfigurationPlatforms) = postSolution
		{A015BF72-93D8-4022-9DAC-05D1840797AC}.Debug|Win32.ActiveCfg = Debug|Win32
		{A015BF72-93D8-4022-9DAC-05D1840797AC}.Debug|Win32.Build.0 = Debug|Win32
		{A015BF72-93D8-4022-9DAC-05D1840797AC}.Release|Win32.ActiveCfg = Release|Win32
		{A015BF72-93D8-4022-9DAC-05D1840797AC}.Release|Win32.Build.0 = Release|Win32
	EndGlobalSection
	GlobalSection(SolutionProperties) = preSolution
		HideSolutionNode = FALSE
	EndGlobalSection
EndGlobal
