
Microsoft Visual Studio Solution File, Format Version 11.00
# Visual Studio 2010
Project("{8BC9CEB8-8B4A-11D0-8D11-00A0C91BC942}") = "Advance Data Structure Assignment 1", "Advance Data Structure Assignment 1\Advance Data Structure Assignment 1.vcxproj", "{6B356F4E-B275-45D1-B4C9-157BE8B659EF}"
EndProject
Global
	GlobalSection(SolutionConfigurationPlatforms) = preSolution
		Debug|Win32 = Debug|Win32
		Release|Win32 = Release|Win32
	EndGlobalSection
	GlobalSection(ProjectConfigurationPlatforms) = postSolution
		{6B356F4E-B275-45D1-B4C9-157BE8B659EF}.Debug|Win32.ActiveCfg = Debug|Win32
		{6B356F4E-B275-45D1-B4C9-157BE8B659EF}.Debug|Win32.Build.0 = Debug|Win32
		{6B356F4E-B275-45D1-B4C9-157BE8B659EF}.Release|Win32.ActiveCfg = Release|Win32
		{6B356F4E-B275-45D1-B4C9-157BE8B659EF}.Release|Win32.Build.0 = Release|Win32
	EndGlobalSection
	GlobalSection(SolutionProperties) = preSolution
		HideSolutionNode = FALSE
	EndGlobalSection
EndGlobal
