
Microsoft Visual Studio Solution File, Format Version 11.00
# Visual Studio 2010
Project("{8BC9CEB8-8B4A-11D0-8D11-00A0C91BC942}") = "testin", "testin\testin.vcxproj", "{5DCF89A9-DF93-4110-A6B5-CD9D97194C10}"
EndProject
Global
	GlobalSection(SolutionConfigurationPlatforms) = preSolution
		Debug|Win32 = Debug|Win32
		Release|Win32 = Release|Win32
	EndGlobalSection
	GlobalSection(ProjectConfigurationPlatforms) = postSolution
		{5DCF89A9-DF93-4110-A6B5-CD9D97194C10}.Debug|Win32.ActiveCfg = Debug|Win32
		{5DCF89A9-DF93-4110-A6B5-CD9D97194C10}.Debug|Win32.Build.0 = Debug|Win32
		{5DCF89A9-DF93-4110-A6B5-CD9D97194C10}.Release|Win32.ActiveCfg = Release|Win32
		{5DCF89A9-DF93-4110-A6B5-CD9D97194C10}.Release|Win32.Build.0 = Release|Win32
	EndGlobalSection
	GlobalSection(SolutionProperties) = preSolution
		HideSolutionNode = FALSE
	EndGlobalSection
EndGlobal
