<?xml version="1.0" encoding="utf-8"?>
<Project ToolsVersion="4.0" xmlns="http://schemas.microsoft.com/developer/msbuild/2003">
  <ItemGroup>
    <Filter Include="Source Files">
      <UniqueIdentifier>{4FC737F1-C7A5-4376-A066-2A32D752A2FF}</UniqueIdentifier>
      <Extensions>cpp;c;cc;cxx;def;odl;idl;hpj;bat;asm;asmx</Extensions>
    </Filter>
    <Filter Include="Header Files">
      <UniqueIdentifier>{93995380-89BD-4b04-88EB-625FBE52EBFB}</UniqueIdentifier>
      <Extensions>h;hpp;hxx;hm;inl;inc;xsd</Extensions>
    </Filter>
    <Filter Include="Shader">
      <UniqueIdentifier>{67DA6AB6-F800-4c08-8B7A-83BB121AAD01}</UniqueIdentifier>
      <Extensions>rc;ico;cur;bmp;dlg;rc2;rct;bin;rgs;gif;jpg;jpeg;jpe;resx;tiff;tif;png;wav;mfcribbon-ms</Extensions>
    </Filter>
    <Filter Include="Source Files\Scenes">
      <UniqueIdentifier>{d6193425-76bf-4f0d-a032-4c13a2528bff}</UniqueIdentifier>
    </Filter>
    <Filter Include="Header Files\Scenes">
      <UniqueIdentifier>{64c302f2-76bc-41af-be42-3eb6cd65d0ea}</UniqueIdentifier>
    </Filter>
    <Filter Include="Source Files\GameObject">
      <UniqueIdentifier>{25c49826-fb4d-42b9-a2e5-bed4e7be1ca8}</UniqueIdentifier>
    </Filter>
    <Filter Include="Header Files\GameObject">
      <UniqueIdentifier>{ab7c2c7b-2ced-45a9-9144-2d65f5d19790}</UniqueIdentifier>
    </Filter>
    <Filter Include="Header Files\Camera">
      <UniqueIdentifier>{29455fbf-e786-418e-96bc-ec8d90141cb9}</UniqueIdentifier>
    </Filter>
    <Filter Include="Source Files\Camera">
      <UniqueIdentifier>{3461ff79-0072-4afa-94e8-11851b1357ab}</UniqueIdentifier>
    </Filter>
    <Filter Include="Source Files\Save/Load">
      <UniqueIdentifier>{d3086d86-eae5-4046-8f08-f8f87f9d7090}</UniqueIdentifier>
    </Filter>
    <Filter Include="Header Files\Save/Load">
      <UniqueIdentifier>{19437899-3363-40c7-9ed9-42c75c239848}</UniqueIdentifier>
    </Filter>
    <Filter Include="Header Files\Visuals">
      <UniqueIdentifier>{82555ad9-3d9a-4376-bd6d-586d09c5f361}</UniqueIdentifier>
    </Filter>
    <Filter Include="Source Files\Visuals">
      <UniqueIdentifier>{82f62380-49df-433f-88d7-2b3639cf9e43}</UniqueIdentifier>
    </Filter>
    <Filter Include="Source Files\Visuals\Mesh">
      <UniqueIdentifier>{342aab0e-9b11-4071-86a0-86d0c456f582}</UniqueIdentifier>
    </Filter>
    <Filter Include="Source Files\Visuals\Mesh\Model/Texture">
      <UniqueIdentifier>{47ab2b6a-bf82-433b-86f0-41d45313d5b0}</UniqueIdentifier>
    </Filter>
    <Filter Include="Header Files\Visuals\Mesh">
      <UniqueIdentifier>{d6f1e540-70fe-4a2e-8e9c-b5a22ae7464d}</UniqueIdentifier>
    </Filter>
    <Filter Include="Header Files\Visuals\Mesh\Model/Texture">
      <UniqueIdentifier>{9c42e182-f631-497f-9c2a-1282d6aaea1f}</UniqueIdentifier>
    </Filter>
    <Filter Include="Source Files\Buttons">
      <UniqueIdentifier>{44b2712a-5368-4062-850e-91f63d6d183b}</UniqueIdentifier>
    </Filter>
    <Filter Include="Source Files\Controls">
      <UniqueIdentifier>{b0e02edf-6d2e-4656-9258-217c457b2539}</UniqueIdentifier>
    </Filter>
    <Filter Include="Header Files\Buttons">
      <UniqueIdentifier>{34c7860e-5e1e-4865-a6b5-37d776c9b3c0}</UniqueIdentifier>
    </Filter>
    <Filter Include="Header Files\Controls">
      <UniqueIdentifier>{2f209375-6701-4112-8770-5009e857b911}</UniqueIdentifier>
    </Filter>
    <Filter Include="Header Files\Collision">
      <UniqueIdentifier>{5a1605f9-2067-4dd6-bc33-50864f9d36a2}</UniqueIdentifier>
    </Filter>
    <Filter Include="Source Files\Collision">
      <UniqueIdentifier>{a4e54329-d218-4c2b-811f-46d203f0877b}</UniqueIdentifier>
    </Filter>
    <Filter Include="Header Files\Assets">
      <UniqueIdentifier>{b35c5a90-526d-4405-9500-9e137191fb9f}</UniqueIdentifier>
    </Filter>
    <Filter Include="Source Files\Assets">
      <UniqueIdentifier>{09b03a97-b77d-42a1-9c32-3be6d98942ba}</UniqueIdentifier>
    </Filter>
    <Filter Include="Header Files\Assets\Living">
      <UniqueIdentifier>{3b73fbfa-3b63-4a35-8ae6-6d58dd8368d4}</UniqueIdentifier>
    </Filter>
    <Filter Include="Header Files\Assets\NonLiving">
      <UniqueIdentifier>{9bc283ce-ccef-4cab-a29c-1eaafcfd8b2c}</UniqueIdentifier>
    </Filter>
    <Filter Include="Source Files\Assets\Living">
      <UniqueIdentifier>{f1cff395-9d84-461c-973c-3e21452ea97b}</UniqueIdentifier>
    </Filter>
    <Filter Include="Source Files\Assets\NonLiving">
      <UniqueIdentifier>{2ddf455c-cb7a-4291-a0b6-30f9b4d44fb9}</UniqueIdentifier>
    </Filter>
    <Filter Include="Header Files\GameObject\Character">
      <UniqueIdentifier>{8b712a6c-abb2-4bfd-be26-cdc21dd5b206}</UniqueIdentifier>
    </Filter>
    <Filter Include="Source Files\GameObject\Character">
      <UniqueIdentifier>{f299ad50-7261-4260-b481-f6e4c5ed3b9a}</UniqueIdentifier>
    </Filter>
  </ItemGroup>
  <ItemGroup>
    <ClCompile Include="Source\Application.cpp">
      <Filter>Source Files</Filter>
    </ClCompile>
    <ClCompile Include="Source\main.cpp">
      <Filter>Source Files</Filter>
    </ClCompile>
    <ClCompile Include="Source\Utility.cpp">
      <Filter>Source Files</Filter>
    </ClCompile>
    <ClCompile Include="Source\CharacterObject.cpp">
      <Filter>Source Files\GameObject\Character</Filter>
    </ClCompile>
    <ClCompile Include="Source\Anim4.cpp">
      <Filter>Source Files\GameObject\Character</Filter>
    </ClCompile>
    <ClCompile Include="Source\MenuScene.cpp">
      <Filter>Source Files\Scenes</Filter>
    </ClCompile>
    <ClCompile Include="Source\mainscene.cpp">
      <Filter>Source Files\Scenes</Filter>
    </ClCompile>
    <ClCompile Include="Source\GameObject.cpp">
      <Filter>Source Files\GameObject</Filter>
    </ClCompile>
    <ClCompile Include="Source\Mesh.cpp">
      <Filter>Source Files\Visuals\Mesh</Filter>
    </ClCompile>
    <ClCompile Include="Source\MeshBuilder.cpp">
      <Filter>Source Files\Visuals\Mesh</Filter>
    </ClCompile>
    <ClCompile Include="Source\Camera.cpp">
      <Filter>Source Files\Camera</Filter>
    </ClCompile>
    <ClCompile Include="Source\Camera2.cpp">
      <Filter>Source Files\Camera</Filter>
    </ClCompile>
    <ClCompile Include="Source\Camera4.cpp">
      <Filter>Source Files\Camera</Filter>
    </ClCompile>
    <ClCompile Include="Source\Camera5.cpp">
      <Filter>Source Files\Camera</Filter>
    </ClCompile>
    <ClCompile Include="Source\CustomCam1.cpp">
      <Filter>Source Files\Camera</Filter>
    </ClCompile>
    <ClCompile Include="Source\LoadOBJ.cpp">
      <Filter>Source Files\Visuals\Mesh\Model/Texture</Filter>
    </ClCompile>
    <ClCompile Include="Source\LoadTGA.cpp">
      <Filter>Source Files\Visuals\Mesh\Model/Texture</Filter>
    </ClCompile>
    <ClCompile Include="Source\shader.cpp">
      <Filter>Shader</Filter>
    </ClCompile>
    <ClCompile Include="Source\Player.cpp">
      <Filter>Source Files\GameObject\Character</Filter>
    </ClCompile>
    <ClCompile Include="Source\DepthFBO.cpp">
      <Filter>Source Files\Visuals</Filter>
    </ClCompile>
    <ClCompile Include="Source\GBuffer.cpp">
      <Filter>Source Files\Visuals</Filter>
    </ClCompile>
    <ClCompile Include="Source\particle.cpp">
      <Filter>Source Files\Visuals</Filter>
    </ClCompile>
    <ClCompile Include="Source\SpriteAnimation.cpp">
      <Filter>Source Files\Visuals</Filter>
    </ClCompile>
    <ClCompile Include="Source\maploader.cpp">
      <Filter>Source Files\Save/Load</Filter>
    </ClCompile>
    <ClCompile Include="Source\WorldObject.cpp">
      <Filter>Source Files\GameObject</Filter>
    </ClCompile>
    <ClCompile Include="Source\AI.cpp">
      <Filter>Source Files\GameObject\Character</Filter>
    </ClCompile>
    <ClCompile Include="Source\Strategy.cpp">
      <Filter>Source Files\GameObject\Character</Filter>
    </ClCompile>
    <ClCompile Include="Source\WeaponsObject.cpp">
      <Filter>Source Files\GameObject</Filter>
    </ClCompile>
    <ClCompile Include="Source\ItemObject.cpp">
      <Filter>Source Files\GameObject</Filter>
    </ClCompile>
    <ClCompile Include="Source\SaveHandler.cpp">
      <Filter>Source Files\Save/Load</Filter>
    </ClCompile>
    <ClCompile Include="Source\LoadHmap.cpp">
      <Filter>Source Files\Save/Load</Filter>
    </ClCompile>
    <ClCompile Include="Source\Button.cpp">
      <Filter>Source Files\Buttons</Filter>
    </ClCompile>
    <ClCompile Include="Source\Shape.cpp">
      <Filter>Source Files\Collision</Filter>
    </ClCompile>
    <ClCompile Include="Source\Sphere.cpp">
      <Filter>Source Files\Collision</Filter>
    </ClCompile>
    <ClCompile Include="Source\AABB.cpp">
      <Filter>Source Files\Collision</Filter>
    </ClCompile>
    <ClCompile Include="Source\Ray.cpp">
      <Filter>Source Files\Collision</Filter>
    </ClCompile>
    <ClCompile Include="Source\Plane.cpp">
      <Filter>Source Files\Collision</Filter>
    </ClCompile>
    <ClCompile Include="Source\CollisionBox.cpp">
      <Filter>Source Files\Collision</Filter>
    </ClCompile>
    <ClCompile Include="Source\Collision.cpp">
      <Filter>Source Files\Collision</Filter>
    </ClCompile>
    <ClCompile Include="Source\Asset.cpp">
      <Filter>Source Files\Assets</Filter>
    </ClCompile>
    <ClCompile Include="Source\Enemy.cpp">
      <Filter>Source Files\Assets\Living</Filter>
    </ClCompile>
    <ClCompile Include="Source\Living.cpp">
      <Filter>Source Files\Assets\Living</Filter>
    </ClCompile>
    <ClCompile Include="Source\Projectile.cpp">
      <Filter>Source Files\Assets\Living</Filter>
    </ClCompile>
    <ClCompile Include="Source\NonLiving.cpp">
      <Filter>Source Files\Assets\NonLiving</Filter>
    </ClCompile>
    <ClCompile Include="Source\Room.cpp">
      <Filter>Source Files\Assets\NonLiving</Filter>
    </ClCompile>
    <ClCompile Include="Source\SoundRange.cpp">
      <Filter>Source Files\Assets\NonLiving</Filter>
    </ClCompile>
    <ClCompile Include="Source\SoundEngine.cpp">
      <Filter>Source Files</Filter>
    </ClCompile>
    <ClCompile Include="Source\aPlayer.cpp">
      <Filter>Source Files\Assets\Living</Filter>
    </ClCompile>
    <ClCompile Include="Source\BulletObject.cpp">
      <Filter>Source Files\GameObject</Filter>
    </ClCompile>
    <ClCompile Include="Source\Weapon.cpp">
      <Filter>Source Files\Assets\NonLiving</Filter>
    </ClCompile>
    <ClCompile Include="Source\Wall.cpp">
      <Filter>Source Files\Assets\NonLiving</Filter>
    </ClCompile>
    <ClCompile Include="Source\SceneManager.cpp">
      <Filter>Source Files\Scenes</Filter>
    </ClCompile>
    <ClCompile Include="Source\SoundDetect.cpp">
      <Filter>Source Files</Filter>
    </ClCompile>
    <ClCompile Include="Source\PressurePlate.cpp">
      <Filter>Source Files\Collision</Filter>
    </ClCompile>
    <ClCompile Include="Source\SecurityCam.cpp">
      <Filter>Source Files\GameObject</Filter>
    </ClCompile>
  </ItemGroup>
  <ItemGroup>
    <ClInclude Include="Source\Application.h">
      <Filter>Header Files</Filter>
    </ClInclude>
    <ClInclude Include="Source\shader.hpp">
      <Filter>Shader</Filter>
    </ClInclude>
    <ClInclude Include="Source\Utility.h">
      <Filter>Header Files</Filter>
    </ClInclude>
    <ClInclude Include="Source\CharacterObject.h">
      <Filter>Header Files\GameObject\Character</Filter>
    </ClInclude>
    <ClInclude Include="Source\Anim4.h">
      <Filter>Header Files\GameObject\Character</Filter>
    </ClInclude>
    <ClInclude Include="Source\mainscene.h">
      <Filter>Header Files\Scenes</Filter>
    </ClInclude>
    <ClInclude Include="Source\MenuScene.h">
      <Filter>Header Files\Scenes</Filter>
    </ClInclude>
    <ClInclude Include="Source\GameObject.h">
      <Filter>Header Files\GameObject</Filter>
    </ClInclude>
    <ClInclude Include="Source\MeshBuilder.h">
      <Filter>Header Files\Visuals\Mesh</Filter>
    </ClInclude>
    <ClInclude Include="Source\Mesh.h">
      <Filter>Header Files\Visuals\Mesh</Filter>
    </ClInclude>
    <ClInclude Include="Source\Material.h">
      <Filter>Header Files\Visuals\Mesh</Filter>
    </ClInclude>
    <ClInclude Include="Source\Camera.h">
      <Filter>Header Files\Camera</Filter>
    </ClInclude>
    <ClInclude Include="Source\Camera2.h">
      <Filter>Header Files\Camera</Filter>
    </ClInclude>
    <ClInclude Include="Source\Camera4.h">
      <Filter>Header Files\Camera</Filter>
    </ClInclude>
    <ClInclude Include="Source\Camera5.h">
      <Filter>Header Files\Camera</Filter>
    </ClInclude>
    <ClInclude Include="Source\CustomCam1.h">
      <Filter>Header Files\Camera</Filter>
    </ClInclude>
    <ClInclude Include="Source\Vertex.h">
      <Filter>Header Files\Visuals\Mesh</Filter>
    </ClInclude>
    <ClInclude Include="Source\LoadOBJ.h">
      <Filter>Header Files\Visuals\Mesh\Model/Texture</Filter>
    </ClInclude>
    <ClInclude Include="Source\LoadTGA.h">
      <Filter>Header Files\Visuals\Mesh\Model/Texture</Filter>
    </ClInclude>
    <ClInclude Include="Source\Player.h">
      <Filter>Header Files\GameObject\Character</Filter>
    </ClInclude>
    <ClInclude Include="Source\GBuffer.h">
      <Filter>Header Files\Visuals</Filter>
    </ClInclude>
    <ClInclude Include="Source\Light.h">
      <Filter>Header Files\Visuals</Filter>
    </ClInclude>
    <ClInclude Include="Source\DepthFBO.h">
      <Filter>Header Files\Visuals</Filter>
    </ClInclude>
    <ClInclude Include="Source\maploader.h">
      <Filter>Header Files\Save/Load</Filter>
    </ClInclude>
    <ClInclude Include="Source\particle.h">
      <Filter>Header Files\Visuals</Filter>
    </ClInclude>
    <ClInclude Include="Source\SpriteAnimation.h">
      <Filter>Header Files\Visuals</Filter>
    </ClInclude>
    <ClInclude Include="Source\Scene.h">
      <Filter>Header Files\Scenes</Filter>
    </ClInclude>
    <ClInclude Include="Source\WorldObject.h">
      <Filter>Header Files\GameObject</Filter>
    </ClInclude>
    <ClInclude Include="Source\AI.h">
      <Filter>Header Files\GameObject\Character</Filter>
    </ClInclude>
    <ClInclude Include="Source\Strategy.h">
      <Filter>Header Files\GameObject\Character</Filter>
    </ClInclude>
    <ClInclude Include="Source\WeaponsObject.h">
      <Filter>Header Files\GameObject</Filter>
    </ClInclude>
    <ClInclude Include="Source\ItemObject.h">
      <Filter>Header Files\GameObject</Filter>
    </ClInclude>
    <ClInclude Include="Source\SaveHandler.h">
      <Filter>Header Files\Save/Load</Filter>
    </ClInclude>
    <ClInclude Include="Source\LoadHmap.h">
      <Filter>Header Files\Save/Load</Filter>
    </ClInclude>
    <ClInclude Include="Source\TextButton.h">
      <Filter>Header Files\Buttons</Filter>
    </ClInclude>
    <ClInclude Include="Source\Button.h">
      <Filter>Header Files\Buttons</Filter>
    </ClInclude>
    <ClInclude Include="Source\Shape.h">
      <Filter>Header Files\Collision</Filter>
    </ClInclude>
    <ClInclude Include="Source\Sphere.h">
      <Filter>Header Files\Collision</Filter>
    </ClInclude>
    <ClInclude Include="Source\AABB.h">
      <Filter>Header Files\Collision</Filter>
    </ClInclude>
    <ClInclude Include="Source\Ray.h">
      <Filter>Header Files\Collision</Filter>
    </ClInclude>
    <ClInclude Include="Source\Plane.h">
      <Filter>Header Files\Collision</Filter>
    </ClInclude>
    <ClInclude Include="Source\CollisionBox.h">
      <Filter>Header Files\Collision</Filter>
    </ClInclude>
    <ClInclude Include="Source\Collision.h">
      <Filter>Header Files\Collision</Filter>
    </ClInclude>
    <ClInclude Include="Source\Asset.h">
      <Filter>Header Files\Assets</Filter>
    </ClInclude>
    <ClInclude Include="Source\NonLiving.h">
      <Filter>Header Files\Assets\NonLiving</Filter>
    </ClInclude>
    <ClInclude Include="Source\Room.h">
      <Filter>Header Files\Assets\NonLiving</Filter>
    </ClInclude>
    <ClInclude Include="Source\SoundRange.h">
      <Filter>Header Files\Assets\NonLiving</Filter>
    </ClInclude>
    <ClInclude Include="Source\Enemy.h">
      <Filter>Header Files\Assets\Living</Filter>
    </ClInclude>
    <ClInclude Include="Source\Living.h">
      <Filter>Header Files\Assets\Living</Filter>
    </ClInclude>
    <ClInclude Include="Source\Projectile.h">
      <Filter>Header Files\Assets\Living</Filter>
    </ClInclude>
    <ClInclude Include="Source\SoundEngine.h">
      <Filter>Header Files</Filter>
    </ClInclude>
    <ClInclude Include="Source\aPlayer.h">
      <Filter>Header Files\Assets\Living</Filter>
    </ClInclude>
    <ClInclude Include="Source\BulletObject.h">
      <Filter>Header Files\GameObject</Filter>
    </ClInclude>
    <ClInclude Include="Source\Wall.h">
      <Filter>Header Files\Assets\NonLiving</Filter>
    </ClInclude>
    <ClInclude Include="Source\Weapon.h">
      <Filter>Header Files\Assets\NonLiving</Filter>
    </ClInclude>
    <ClInclude Include="Source\SceneManager.h">
      <Filter>Header Files\Scenes</Filter>
    </ClInclude>
    <ClInclude Include="Source\SoundDetect.h">
      <Filter>Header Files</Filter>
    </ClInclude>
    <ClInclude Include="Source\PressurePlate.h">
      <Filter>Header Files\Collision</Filter>
    </ClInclude>
    <ClInclude Include="Source\SecurityCam.h">
      <Filter>Header Files\GameObject</Filter>
    </ClInclude>
  </ItemGroup>
  <ItemGroup>
    <None Include="GameData\Shader\comg.fragmentshader">
      <Filter>Shader</Filter>
    </None>
    <None Include="GameData\Shader\comg.vertexshader">
      <Filter>Shader</Filter>
    </None>
    <None Include="GameData\Shader\Fog.fragmentshader">
      <Filter>Shader</Filter>
    </None>
    <None Include="GameData\Shader\Fog.vertexshader">
      <Filter>Shader</Filter>
    </None>
    <None Include="GameData\Shader\GBuffer.fragmentshader">
      <Filter>Shader</Filter>
    </None>
    <None Include="GameData\Shader\GBuffer.vertexshader">
      <Filter>Shader</Filter>
    </None>
    <None Include="GameData\Shader\GPass.fragmentshader">
      <Filter>Shader</Filter>
    </None>
    <None Include="GameData\Shader\GPass.vertexshader">
      <Filter>Shader</Filter>
    </None>
    <None Include="GameData\Shader\LightPass.fragmentshader">
      <Filter>Shader</Filter>
    </None>
    <None Include="GameData\Shader\LightPass.vertexshader">
      <Filter>Shader</Filter>
    </None>
    <None Include="GameData\Shader\Shadow.fragmentshader">
      <Filter>Shader</Filter>
    </None>
    <None Include="GameData\Shader\Shadow.vertexshader">
      <Filter>Shader</Filter>
    </None>
  </ItemGroup>
</Project>