<?xml version="1.0" encoding="utf-8"?>
<Project ToolsVersion="4.0" xmlns="http://schemas.microsoft.com/developer/msbuild/2003">
  <ItemGroup>
    <Filter Include="Source Files">
      <UniqueIdentifier>{4FC737F1-C7A5-4376-A066-2A32D752A2FF}</UniqueIdentifier>
      <Extensions>cpp;c;cc;cxx;def;odl;idl;hpj;bat;asm;asmx</Extensions>
    </Filter>
    <Filter Include="Header Files">
      <UniqueIdentifier>{93995380-89BD-4b04-88EB-625FBE52EBFB}</UniqueIdentifier>
      <Extensions>h;hpp;hxx;hm;inl;inc;xsd</Extensions>
    </Filter>
    <Filter Include="Shader">
      <UniqueIdentifier>{67DA6AB6-F800-4c08-8B7A-83BB121AAD01}</UniqueIdentifier>
      <Extensions>rc;ico;cur;bmp;dlg;rc2;rct;bin;rgs;gif;jpg;jpeg;jpe;resx;tiff;tif;png;wav;mfcribbon-ms</Extensions>
    </Filter>
    <Filter Include="2D">
      <UniqueIdentifier>{78a69225-fe6f-4174-b4c6-ada9c7bd7b5a}</UniqueIdentifier>
    </Filter>
    <Filter Include="Game State Management">
      <UniqueIdentifier>{63b26346-f440-4362-a4b0-199ce45cd85a}</UniqueIdentifier>
    </Filter>
    <Filter Include="Game Character">
      <UniqueIdentifier>{db4ff357-55d4-475c-bebf-e60c61791a40}</UniqueIdentifier>
    </Filter>
    <Filter Include="Scene">
      <UniqueIdentifier>{3a267cca-072f-4bea-a54a-5563aa842aa3}</UniqueIdentifier>
    </Filter>
    <Filter Include="Camera">
      <UniqueIdentifier>{31ce256a-49c4-40cc-9b54-313d990b70ed}</UniqueIdentifier>
    </Filter>
    <Filter Include="GUI">
      <UniqueIdentifier>{52dbf48c-7dcd-4414-ae8f-bc43d6896358}</UniqueIdentifier>
    </Filter>
    <Filter Include="SceneGraph">
      <UniqueIdentifier>{cf00591a-dcad-497e-91a1-11bc3eabc37e}</UniqueIdentifier>
    </Filter>
    <Filter Include="SpatialPartition">
      <UniqueIdentifier>{de6ad568-f23b-4861-80a5-bb7222517adc}</UniqueIdentifier>
    </Filter>
    <Filter Include="Sound">
      <UniqueIdentifier>{a6b0aef5-6d53-4b6f-af74-5d6ffe648448}</UniqueIdentifier>
    </Filter>
    <Filter Include="Projectile">
      <UniqueIdentifier>{eb6e4be4-38a6-4c31-850a-46a7b547aa08}</UniqueIdentifier>
    </Filter>
  </ItemGroup>
  <ItemGroup>
    <ClCompile Include="Source\Application.cpp">
      <Filter>Source Files</Filter>
    </ClCompile>
    <ClCompile Include="Source\main.cpp">
      <Filter>Source Files</Filter>
    </ClCompile>
    <ClCompile Include="Source\shader.cpp">
      <Filter>Source Files</Filter>
    </ClCompile>
    <ClCompile Include="Source\Mesh.cpp">
      <Filter>Source Files</Filter>
    </ClCompile>
    <ClCompile Include="Source\MeshBuilder.cpp">
      <Filter>Source Files</Filter>
    </ClCompile>
    <ClCompile Include="Source\Utility.cpp">
      <Filter>Source Files</Filter>
    </ClCompile>
    <ClCompile Include="Source\LoadTGA.cpp">
      <Filter>Source Files</Filter>
    </ClCompile>
    <ClCompile Include="Source\LoadOBJ.cpp">
      <Filter>Source Files</Filter>
    </ClCompile>
    <ClCompile Include="Source\Map.cpp">
      <Filter>Source Files</Filter>
    </ClCompile>
    <ClCompile Include="Source\Strategy.cpp">
      <Filter>Source Files</Filter>
    </ClCompile>
    <ClCompile Include="Source\Strategy_Kill.cpp">
      <Filter>Source Files</Filter>
    </ClCompile>
    <ClCompile Include="Source\TreasureChest.cpp">
      <Filter>2D</Filter>
    </ClCompile>
    <ClCompile Include="Source\Goodies.cpp">
      <Filter>2D</Filter>
    </ClCompile>
    <ClCompile Include="Source\GoodiesFactory.cpp">
      <Filter>2D</Filter>
    </ClCompile>
    <ClCompile Include="Source\Enemy.cpp">
      <Filter>2D</Filter>
    </ClCompile>
    <ClCompile Include="Source\Minimap.cpp">
      <Filter>2D</Filter>
    </ClCompile>
    <ClCompile Include="Source\PlayerInfo.cpp">
      <Filter>2D</Filter>
    </ClCompile>
    <ClCompile Include="Source\GameStateManager.cpp">
      <Filter>Game State Management</Filter>
    </ClCompile>
    <ClCompile Include="Source\IntroState.cpp">
      <Filter>Game State Management</Filter>
    </ClCompile>
    <ClCompile Include="Source\MenuState.cpp">
      <Filter>Game State Management</Filter>
    </ClCompile>
    <ClCompile Include="Source\PlayState.cpp">
      <Filter>Game State Management</Filter>
    </ClCompile>
    <ClCompile Include="Source\Particle.cpp">
      <Filter>Game Character</Filter>
    </ClCompile>
    <ClCompile Include="Source\Camera3.cpp">
      <Filter>Camera</Filter>
    </ClCompile>
    <ClCompile Include="Source\Camera.cpp">
      <Filter>Camera</Filter>
    </ClCompile>
    <ClCompile Include="Source\Text.cpp">
      <Filter>GUI</Filter>
    </ClCompile>
    <ClCompile Include="Source\SceneGame.cpp">
      <Filter>Scene</Filter>
    </ClCompile>
    <ClCompile Include="Source\SceneManager2D.cpp">
      <Filter>Scene</Filter>
    </ClCompile>
    <ClCompile Include="Source\SceneMenu.cpp">
      <Filter>Scene</Filter>
    </ClCompile>
    <ClCompile Include="Source\SceneSplashScreen.cpp">
      <Filter>Scene</Filter>
    </ClCompile>
    <ClCompile Include="Source\SceneGraph\Model.cpp">
      <Filter>SceneGraph</Filter>
    </ClCompile>
    <ClCompile Include="Source\SceneGraph\Node.cpp">
      <Filter>SceneGraph</Filter>
    </ClCompile>
    <ClCompile Include="Source\SceneGraph\SceneNode.cpp">
      <Filter>SceneGraph</Filter>
    </ClCompile>
    <ClCompile Include="Source\SceneGraph\Transform.cpp">
      <Filter>SceneGraph</Filter>
    </ClCompile>
    <ClCompile Include="Source\SpatialPartition\SP_Grid.cpp">
      <Filter>SpatialPartition</Filter>
    </ClCompile>
    <ClCompile Include="Source\SpatialPartition\Unit.cpp">
      <Filter>SpatialPartition</Filter>
    </ClCompile>
    <ClCompile Include="Source\SpatialPartition\Grid.cpp">
      <Filter>SpatialPartition</Filter>
    </ClCompile>
    <ClCompile Include="Source\SpatialPartition\SpatialPartition.cpp">
      <Filter>SpatialPartition</Filter>
    </ClCompile>
    <ClCompile Include="Source\GameCharacter\GameObject.cpp">
      <Filter>Game Character</Filter>
    </ClCompile>
    <ClCompile Include="Source\GameCharacter\AI.cpp">
      <Filter>Game Character</Filter>
    </ClCompile>
    <ClCompile Include="Source\GameCharacter\Bullet.cpp">
      <Filter>Game Character</Filter>
    </ClCompile>
    <ClCompile Include="Source\GameCharacter\PlayInfo3PV.cpp">
      <Filter>Game Character</Filter>
    </ClCompile>
    <ClCompile Include="Source\Sound\Sound.cpp">
      <Filter>Sound</Filter>
    </ClCompile>
    <ClCompile Include="Source\Projectile\Projectile.cpp">
      <Filter>Projectile</Filter>
    </ClCompile>
    <ClCompile Include="Source\Projectile\ProjectileManager.cpp">
      <Filter>Projectile</Filter>
    </ClCompile>
  </ItemGroup>
  <ItemGroup>
    <ClInclude Include="Source\Application.h">
      <Filter>Header Files</Filter>
    </ClInclude>
    <ClInclude Include="Source\Geometry.h">
      <Filter>Header Files</Filter>
    </ClInclude>
    <ClInclude Include="Source\shader.hpp">
      <Filter>Header Files</Filter>
    </ClInclude>
    <ClInclude Include="Source\Mesh.h">
      <Filter>Header Files</Filter>
    </ClInclude>
    <ClInclude Include="Source\Vertex.h">
      <Filter>Header Files</Filter>
    </ClInclude>
    <ClInclude Include="Source\MeshBuilder.h">
      <Filter>Header Files</Filter>
    </ClInclude>
    <ClInclude Include="Source\Light.h">
      <Filter>Header Files</Filter>
    </ClInclude>
    <ClInclude Include="Source\Utility.h">
      <Filter>Header Files</Filter>
    </ClInclude>
    <ClInclude Include="Source\Material.h">
      <Filter>Header Files</Filter>
    </ClInclude>
    <ClInclude Include="Source\LoadTGA.h">
      <Filter>Header Files</Filter>
    </ClInclude>
    <ClInclude Include="Source\LoadOBJ.h">
      <Filter>Header Files</Filter>
    </ClInclude>
    <ClInclude Include="Source\Map.h">
      <Filter>Header Files</Filter>
    </ClInclude>
    <ClInclude Include="Source\Strategy.h">
      <Filter>Header Files</Filter>
    </ClInclude>
    <ClInclude Include="Source\Strategy_Kill.h">
      <Filter>Header Files</Filter>
    </ClInclude>
    <ClInclude Include="Source\Goodies.h">
      <Filter>2D</Filter>
    </ClInclude>
    <ClInclude Include="Source\GoodiesFactory.h">
      <Filter>2D</Filter>
    </ClInclude>
    <ClInclude Include="Source\TreasureChest.h">
      <Filter>2D</Filter>
    </ClInclude>
    <ClInclude Include="Source\Enemy.h">
      <Filter>2D</Filter>
    </ClInclude>
    <ClInclude Include="Source\Minimap.h">
      <Filter>2D</Filter>
    </ClInclude>
    <ClInclude Include="Source\PlayerInfo.h">
      <Filter>2D</Filter>
    </ClInclude>
    <ClInclude Include="Source\GameState.h">
      <Filter>Game State Management</Filter>
    </ClInclude>
    <ClInclude Include="Source\GameStateManager.h">
      <Filter>Game State Management</Filter>
    </ClInclude>
    <ClInclude Include="Source\IntroState.h">
      <Filter>Game State Management</Filter>
    </ClInclude>
    <ClInclude Include="Source\MenuState.h">
      <Filter>Game State Management</Filter>
    </ClInclude>
    <ClInclude Include="Source\PlayState.h">
      <Filter>Game State Management</Filter>
    </ClInclude>
    <ClInclude Include="Source\Particle.h">
      <Filter>Game Character</Filter>
    </ClInclude>
    <ClInclude Include="Source\Camera.h">
      <Filter>Camera</Filter>
    </ClInclude>
    <ClInclude Include="Source\Camera3.h">
      <Filter>Camera</Filter>
    </ClInclude>
    <ClInclude Include="Source\Text.h">
      <Filter>GUI</Filter>
    </ClInclude>
    <ClInclude Include="Source\Scene.h">
      <Filter>Scene</Filter>
    </ClInclude>
    <ClInclude Include="Source\SceneGame.h">
      <Filter>Scene</Filter>
    </ClInclude>
    <ClInclude Include="Source\SceneManager2D.h">
      <Filter>Scene</Filter>
    </ClInclude>
    <ClInclude Include="Source\SceneMenu.h">
      <Filter>Scene</Filter>
    </ClInclude>
    <ClInclude Include="Source\SceneSplashScreen.h">
      <Filter>Scene</Filter>
    </ClInclude>
    <ClInclude Include="Source\SceneGraph\Model.h">
      <Filter>SceneGraph</Filter>
    </ClInclude>
    <ClInclude Include="Source\SceneGraph\Node.h">
      <Filter>SceneGraph</Filter>
    </ClInclude>
    <ClInclude Include="Source\SceneGraph\SceneNode.h">
      <Filter>SceneGraph</Filter>
    </ClInclude>
    <ClInclude Include="Source\SceneGraph\Transform.h">
      <Filter>SceneGraph</Filter>
    </ClInclude>
    <ClInclude Include="Source\SpatialPartition\SP_Grid.h">
      <Filter>SpatialPartition</Filter>
    </ClInclude>
    <ClInclude Include="Source\SpatialPartition\Unit.h">
      <Filter>SpatialPartition</Filter>
    </ClInclude>
    <ClInclude Include="Source\SpatialPartition\Grid.h">
      <Filter>SpatialPartition</Filter>
    </ClInclude>
    <ClInclude Include="Source\SpatialPartition\SpatialPartition.h">
      <Filter>SpatialPartition</Filter>
    </ClInclude>
    <ClInclude Include="Source\GameCharacter\GameObject.h">
      <Filter>Game Character</Filter>
    </ClInclude>
    <ClInclude Include="Source\GameCharacter\AI.h">
      <Filter>Game Character</Filter>
    </ClInclude>
    <ClInclude Include="Source\GameCharacter\Bullet.h">
      <Filter>Game Character</Filter>
    </ClInclude>
    <ClInclude Include="Source\GameCharacter\PlayInfo3PV.h">
      <Filter>Game Character</Filter>
    </ClInclude>
    <ClInclude Include="Source\Sound\Sound.h">
      <Filter>Sound</Filter>
    </ClInclude>
    <ClInclude Include="Source\Projectile\Projectile.h">
      <Filter>Projectile</Filter>
    </ClInclude>
    <ClInclude Include="Source\Projectile\ProjectileManager.h">
      <Filter>Projectile</Filter>
    </ClInclude>
  </ItemGroup>
</Project>